
Microsoft Visual Studio Solution File, Format Version 12.00
# Visual Studio Version 16
VisualStudioVersion = 16.0.31613.86
MinimumVisualStudioVersion = 10.0.40219.1
Project("{FAE04EC0-301F-11D3-BF4B-00C04F79EFBC}") = "Computador", "Computador\Computador.csproj", "{BA64F988-E40B-4A3D-BA72-6610FF3AE7CE}"
EndProject
Global
	GlobalSection(SolutionConfigurationPlatforms) = preSolution
		Debug|Any CPU = Debug|Any CPU
		Release|Any CPU = Release|Any CPU
	EndGlobalSection
	GlobalSection(ProjectConfigurationPlatforms) = postSolution
		{BA64F988-E40B-4A3D-BA72-6610FF3AE7CE}.Debug|Any CPU.ActiveCfg = Debug|Any CPU
		{BA64F988-E40B-4A3D-BA72-6610FF3AE7CE}.Debug|Any CPU.Build.0 = Debug|Any CPU
		{BA64F988-E40B-4A3D-BA72-6610FF3AE7CE}.Release|Any CPU.ActiveCfg = Release|Any CPU
		{BA64F988-E40B-4A3D-BA72-6610FF3AE7CE}.Release|Any CPU.Build.0 = Release|Any CPU
	EndGlobalSection
	GlobalSection(SolutionProperties) = preSolution
		HideSolutionNode = FALSE
	EndGlobalSection
	GlobalSection(ExtensibilityGlobals) = postSolution
		SolutionGuid = {A95D8926-3D9E-4EF5-9130-5E449E0F435C}
	EndGlobalSection
EndGlobal
